<?xml version="1.0" encoding="utf-8"?>
<Project ToolsVersion="4.0" xmlns="http://schemas.microsoft.com/developer/msbuild/2003">
  <ItemGroup>
    <ClCompile Include="src\ClassFactory.cpp">
      <Filter>Source</Filter>
    </ClCompile>
    <ClCompile Include="src\dllmain.cpp">
      <Filter>Source</Filter>
    </ClCompile>
    <ClCompile Include="src\Reg.cpp">
      <Filter>Source</Filter>
    </ClCompile>
    <ClCompile Include="src\ThumbnailProvider.cpp">
      <Filter>Source</Filter>
    </ClCompile>
    <ClCompile Include="src\Bitmap.cpp">
      <Filter>Source</Filter>
    </ClCompile>
    <ClCompile Include="src\ConvertYCbCr.c">
      <Filter>Source</Filter>
    </ClCompile>
  </ItemGroup>
  <ItemGroup>
    <ClInclude Include="src\ClassFactory.h">
      <Filter>Header</Filter>
    </ClInclude>
    <ClInclude Include="src\Config.h">
      <Filter>Header</Filter>
    </ClInclude>
    <ClInclude Include="src\Reg.h">
      <Filter>Header</Filter>
    </ClInclude>
    <ClInclude Include="src\ThumbnailProvider.h">
      <Filter>Header</Filter>
    </ClInclude>
    <ClInclude Include="resource.h" />
  </ItemGroup>
  <ItemGroup>
    <Filter Include="Source">
      <UniqueIdentifier>{6233e7f3-c48a-42ed-a45d-29213ccbeaff}</UniqueIdentifier>
    </Filter>
    <Filter Include="Header">
      <UniqueIdentifier>{16a72090-65af-4680-99bf-b0ff5c0cf126}</UniqueIdentifier>
    </Filter>
  </ItemGroup>
  <ItemGroup>
    <None Include="Exports.def" />
  </ItemGroup>
  <ItemGroup>
    <ResourceCompile Include="Resource.rc" />
  </ItemGroup>
</Project>